
Microsoft Visual Studio Solution File, Format Version 12.00
# Visual Studio 15
VisualStudioVersion = 15.0.28010.2019
MinimumVisualStudioVersion = 10.0.40219.1
Project("{FAE04EC0-301F-11D3-BF4B-00C04F79EFBC}") = "program1", "program1\program1.csproj", "{00D04E22-B750-4E67-BE11-863E9AAD365D}"
EndProject
Global
	GlobalSection(SolutionConfigurationPlatforms) = preSolution
		Debug|Any CPU = Debug|Any CPU
		Release|Any CPU = Release|Any CPU
	EndGlobalSection
	GlobalSection(ProjectConfigurationPlatforms) = postSolution
		{00D04E22-B750-4E67-BE11-863E9AAD365D}.Debug|Any CPU.ActiveCfg = Debug|Any CPU
		{00D04E22-B750-4E67-BE11-863E9AAD365D}.Debug|Any CPU.Build.0 = Debug|Any CPU
		{00D04E22-B750-4E67-BE11-863E9AAD365D}.Release|Any CPU.ActiveCfg = Release|Any CPU
		{00D04E22-B750-4E67-BE11-863E9AAD365D}.Release|Any CPU.Build.0 = Release|Any CPU
	EndGlobalSection
	GlobalSection(SolutionProperties) = preSolution
		HideSolutionNode = FALSE
	EndGlobalSection
	GlobalSection(ExtensibilityGlobals) = postSolution
		SolutionGuid = {F1A5F62A-AE3A-4242-9708-E29E80B46834}
	EndGlobalSection
EndGlobal
