
Microsoft Visual Studio Solution File, Format Version 12.00
# Visual Studio 15
VisualStudioVersion = 15.0.28010.2046
MinimumVisualStudioVersion = 10.0.40219.1
Project("{FAE04EC0-301F-11D3-BF4B-00C04F79EFBC}") = "Program1", "Program1\Program1.csproj", "{79605CB9-900C-4DD2-911A-A285C2BB5CEB}"
EndProject
Project("{FAE04EC0-301F-11D3-BF4B-00C04F79EFBC}") = "Program1Tests", "Program1Tests\Program1Tests.csproj", "{3785CB98-6E7C-4816-8B16-4E2E5D477973}"
EndProject
Global
	GlobalSection(SolutionConfigurationPlatforms) = preSolution
		Debug|Any CPU = Debug|Any CPU
		Release|Any CPU = Release|Any CPU
	EndGlobalSection
	GlobalSection(ProjectConfigurationPlatforms) = postSolution
		{79605CB9-900C-4DD2-911A-A285C2BB5CEB}.Debug|Any CPU.ActiveCfg = Debug|Any CPU
		{79605CB9-900C-4DD2-911A-A285C2BB5CEB}.Debug|Any CPU.Build.0 = Debug|Any CPU
		{79605CB9-900C-4DD2-911A-A285C2BB5CEB}.Release|Any CPU.ActiveCfg = Release|Any CPU
		{79605CB9-900C-4DD2-911A-A285C2BB5CEB}.Release|Any CPU.Build.0 = Release|Any CPU
		{3785CB98-6E7C-4816-8B16-4E2E5D477973}.Debug|Any CPU.ActiveCfg = Debug|Any CPU
		{3785CB98-6E7C-4816-8B16-4E2E5D477973}.Debug|Any CPU.Build.0 = Debug|Any CPU
		{3785CB98-6E7C-4816-8B16-4E2E5D477973}.Release|Any CPU.ActiveCfg = Release|Any CPU
		{3785CB98-6E7C-4816-8B16-4E2E5D477973}.Release|Any CPU.Build.0 = Release|Any CPU
	EndGlobalSection
	GlobalSection(SolutionProperties) = preSolution
		HideSolutionNode = FALSE
	EndGlobalSection
	GlobalSection(ExtensibilityGlobals) = postSolution
		SolutionGuid = {EB6CC597-17C5-43B1-97A5-3C3C3A8BBC51}
	EndGlobalSection
EndGlobal
